
Microsoft Visual Studio Solution File, Format Version 12.00
# Visual Studio Version 17
VisualStudioVersion = 17.5.33516.290
MinimumVisualStudioVersion = 10.0.40219.1
Project("{FAE04EC0-301F-11D3-BF4B-00C04F79EFBC}") = "DelegateDemo", "DelegateDemo\DelegateDemo.csproj", "{C3F80916-0BFD-49FD-A5A7-D9A3BEBA0018}"
EndProject
Global
	GlobalSection(SolutionConfigurationPlatforms) = preSolution
		Debug|Any CPU = Debug|Any CPU
		Release|Any CPU = Release|Any CPU
	EndGlobalSection
	GlobalSection(ProjectConfigurationPlatforms) = postSolution
		{C3F80916-0BFD-49FD-A5A7-D9A3BEBA0018}.Debug|Any CPU.ActiveCfg = Debug|Any CPU
		{C3F80916-0BFD-49FD-A5A7-D9A3BEBA0018}.Debug|Any CPU.Build.0 = Debug|Any CPU
		{C3F80916-0BFD-49FD-A5A7-D9A3BEBA0018}.Release|Any CPU.ActiveCfg = Release|Any CPU
		{C3F80916-0BFD-49FD-A5A7-D9A3BEBA0018}.Release|Any CPU.Build.0 = Release|Any CPU
	EndGlobalSection
	GlobalSection(SolutionProperties) = preSolution
		HideSolutionNode = FALSE
	EndGlobalSection
	GlobalSection(ExtensibilityGlobals) = postSolution
		SolutionGuid = {A4CECCD3-F0AC-4875-A50B-C06D05240906}
	EndGlobalSection
EndGlobal
