
Microsoft Visual Studio Solution File, Format Version 12.00
# Visual Studio Version 17
VisualStudioVersion = 17.5.33516.290
MinimumVisualStudioVersion = 10.0.40219.1
Project("{FAE04EC0-301F-11D3-BF4B-00C04F79EFBC}") = "DelegateMoneyPgm", "DelegateMoneyPgm\DelegateMoneyPgm.csproj", "{B86E46B6-114E-4FFE-B88F-DAFC2FC913D5}"
EndProject
Global
	GlobalSection(SolutionConfigurationPlatforms) = preSolution
		Debug|Any CPU = Debug|Any CPU
		Release|Any CPU = Release|Any CPU
	EndGlobalSection
	GlobalSection(ProjectConfigurationPlatforms) = postSolution
		{B86E46B6-114E-4FFE-B88F-DAFC2FC913D5}.Debug|Any CPU.ActiveCfg = Debug|Any CPU
		{B86E46B6-114E-4FFE-B88F-DAFC2FC913D5}.Debug|Any CPU.Build.0 = Debug|Any CPU
		{B86E46B6-114E-4FFE-B88F-DAFC2FC913D5}.Release|Any CPU.ActiveCfg = Release|Any CPU
		{B86E46B6-114E-4FFE-B88F-DAFC2FC913D5}.Release|Any CPU.Build.0 = Release|Any CPU
	EndGlobalSection
	GlobalSection(SolutionProperties) = preSolution
		HideSolutionNode = FALSE
	EndGlobalSection
	GlobalSection(ExtensibilityGlobals) = postSolution
		SolutionGuid = {BB855990-A9CF-4087-968B-4C3D26AC8FCB}
	EndGlobalSection
EndGlobal
