
Microsoft Visual Studio Solution File, Format Version 12.00
# Visual Studio Version 17
VisualStudioVersion = 17.5.33516.290
MinimumVisualStudioVersion = 10.0.40219.1
Project("{FAE04EC0-301F-11D3-BF4B-00C04F79EFBC}") = "PQ5Amstrong", "PQ5Amstrong\PQ5Amstrong.csproj", "{486D2D64-5423-4115-B390-BF326598F237}"
EndProject
Global
	GlobalSection(SolutionConfigurationPlatforms) = preSolution
		Debug|Any CPU = Debug|Any CPU
		Release|Any CPU = Release|Any CPU
	EndGlobalSection
	GlobalSection(ProjectConfigurationPlatforms) = postSolution
		{486D2D64-5423-4115-B390-BF326598F237}.Debug|Any CPU.ActiveCfg = Debug|Any CPU
		{486D2D64-5423-4115-B390-BF326598F237}.Debug|Any CPU.Build.0 = Debug|Any CPU
		{486D2D64-5423-4115-B390-BF326598F237}.Release|Any CPU.ActiveCfg = Release|Any CPU
		{486D2D64-5423-4115-B390-BF326598F237}.Release|Any CPU.Build.0 = Release|Any CPU
	EndGlobalSection
	GlobalSection(SolutionProperties) = preSolution
		HideSolutionNode = FALSE
	EndGlobalSection
	GlobalSection(ExtensibilityGlobals) = postSolution
		SolutionGuid = {6FA02840-8281-4E11-BBCB-D23D89FF5CC5}
	EndGlobalSection
EndGlobal
