
Microsoft Visual Studio Solution File, Format Version 12.00
# Visual Studio Version 17
VisualStudioVersion = 17.5.33516.290
MinimumVisualStudioVersion = 10.0.40219.1
Project("{FAE04EC0-301F-11D3-BF4B-00C04F79EFBC}") = "DictionaryDemo", "DictionaryDemo\DictionaryDemo.csproj", "{EC618BAC-B091-4E53-864A-9729115D1AC3}"
EndProject
Global
	GlobalSection(SolutionConfigurationPlatforms) = preSolution
		Debug|Any CPU = Debug|Any CPU
		Release|Any CPU = Release|Any CPU
	EndGlobalSection
	GlobalSection(ProjectConfigurationPlatforms) = postSolution
		{EC618BAC-B091-4E53-864A-9729115D1AC3}.Debug|Any CPU.ActiveCfg = Debug|Any CPU
		{EC618BAC-B091-4E53-864A-9729115D1AC3}.Debug|Any CPU.Build.0 = Debug|Any CPU
		{EC618BAC-B091-4E53-864A-9729115D1AC3}.Release|Any CPU.ActiveCfg = Release|Any CPU
		{EC618BAC-B091-4E53-864A-9729115D1AC3}.Release|Any CPU.Build.0 = Release|Any CPU
	EndGlobalSection
	GlobalSection(SolutionProperties) = preSolution
		HideSolutionNode = FALSE
	EndGlobalSection
	GlobalSection(ExtensibilityGlobals) = postSolution
		SolutionGuid = {CD6D29F2-58A0-4F64-B1C7-AE7E1EDE8E1F}
	EndGlobalSection
EndGlobal
