
Microsoft Visual Studio Solution File, Format Version 12.00
# Visual Studio Version 17
VisualStudioVersion = 17.5.33516.290
MinimumVisualStudioVersion = 10.0.40219.1
Project("{FAE04EC0-301F-11D3-BF4B-00C04F79EFBC}") = "LinqMixedSyntax", "LinqMixedSyntax\LinqMixedSyntax.csproj", "{6118CAED-FBE9-4276-8B53-52AA91F55E26}"
EndProject
Global
	GlobalSection(SolutionConfigurationPlatforms) = preSolution
		Debug|Any CPU = Debug|Any CPU
		Release|Any CPU = Release|Any CPU
	EndGlobalSection
	GlobalSection(ProjectConfigurationPlatforms) = postSolution
		{6118CAED-FBE9-4276-8B53-52AA91F55E26}.Debug|Any CPU.ActiveCfg = Debug|Any CPU
		{6118CAED-FBE9-4276-8B53-52AA91F55E26}.Debug|Any CPU.Build.0 = Debug|Any CPU
		{6118CAED-FBE9-4276-8B53-52AA91F55E26}.Release|Any CPU.ActiveCfg = Release|Any CPU
		{6118CAED-FBE9-4276-8B53-52AA91F55E26}.Release|Any CPU.Build.0 = Release|Any CPU
	EndGlobalSection
	GlobalSection(SolutionProperties) = preSolution
		HideSolutionNode = FALSE
	EndGlobalSection
	GlobalSection(ExtensibilityGlobals) = postSolution
		SolutionGuid = {214E15A6-34A5-4D05-BE99-4B3732337888}
	EndGlobalSection
EndGlobal
