
Microsoft Visual Studio Solution File, Format Version 12.00
# Visual Studio Version 17
VisualStudioVersion = 17.5.33516.290
MinimumVisualStudioVersion = 10.0.40219.1
Project("{FAE04EC0-301F-11D3-BF4B-00C04F79EFBC}") = "LinqDemo", "LinqDemo\LinqDemo.csproj", "{A2CC10B5-5EC0-473A-B0EE-112D93455A9C}"
EndProject
Global
	GlobalSection(SolutionConfigurationPlatforms) = preSolution
		Debug|Any CPU = Debug|Any CPU
		Release|Any CPU = Release|Any CPU
	EndGlobalSection
	GlobalSection(ProjectConfigurationPlatforms) = postSolution
		{A2CC10B5-5EC0-473A-B0EE-112D93455A9C}.Debug|Any CPU.ActiveCfg = Debug|Any CPU
		{A2CC10B5-5EC0-473A-B0EE-112D93455A9C}.Debug|Any CPU.Build.0 = Debug|Any CPU
		{A2CC10B5-5EC0-473A-B0EE-112D93455A9C}.Release|Any CPU.ActiveCfg = Release|Any CPU
		{A2CC10B5-5EC0-473A-B0EE-112D93455A9C}.Release|Any CPU.Build.0 = Release|Any CPU
	EndGlobalSection
	GlobalSection(SolutionProperties) = preSolution
		HideSolutionNode = FALSE
	EndGlobalSection
	GlobalSection(ExtensibilityGlobals) = postSolution
		SolutionGuid = {FFC07723-2E79-41C2-98FE-319B7CD1E3BB}
	EndGlobalSection
EndGlobal
