
Microsoft Visual Studio Solution File, Format Version 12.00
# Visual Studio Version 17
VisualStudioVersion = 17.5.33516.290
MinimumVisualStudioVersion = 10.0.40219.1
Project("{FAE04EC0-301F-11D3-BF4B-00C04F79EFBC}") = "GameandLeap", "GameandLeap\GameandLeap.csproj", "{682250A7-85A4-404D-8763-405AF948ECFA}"
EndProject
Global
	GlobalSection(SolutionConfigurationPlatforms) = preSolution
		Debug|Any CPU = Debug|Any CPU
		Release|Any CPU = Release|Any CPU
	EndGlobalSection
	GlobalSection(ProjectConfigurationPlatforms) = postSolution
		{682250A7-85A4-404D-8763-405AF948ECFA}.Debug|Any CPU.ActiveCfg = Debug|Any CPU
		{682250A7-85A4-404D-8763-405AF948ECFA}.Debug|Any CPU.Build.0 = Debug|Any CPU
		{682250A7-85A4-404D-8763-405AF948ECFA}.Release|Any CPU.ActiveCfg = Release|Any CPU
		{682250A7-85A4-404D-8763-405AF948ECFA}.Release|Any CPU.Build.0 = Release|Any CPU
	EndGlobalSection
	GlobalSection(SolutionProperties) = preSolution
		HideSolutionNode = FALSE
	EndGlobalSection
	GlobalSection(ExtensibilityGlobals) = postSolution
		SolutionGuid = {2046C9D6-4DD2-40C1-A806-9603995D23D3}
	EndGlobalSection
EndGlobal
