
Microsoft Visual Studio Solution File, Format Version 12.00
# Visual Studio Version 17
VisualStudioVersion = 17.5.33516.290
MinimumVisualStudioVersion = 10.0.40219.1
Project("{FAE04EC0-301F-11D3-BF4B-00C04F79EFBC}") = "ValuesAPI", "ValuesAPI\ValuesAPI.csproj", "{7D40EA81-7E41-460F-AEA2-57E97EDA1320}"
EndProject
Global
	GlobalSection(SolutionConfigurationPlatforms) = preSolution
		Debug|Any CPU = Debug|Any CPU
		Release|Any CPU = Release|Any CPU
	EndGlobalSection
	GlobalSection(ProjectConfigurationPlatforms) = postSolution
		{7D40EA81-7E41-460F-AEA2-57E97EDA1320}.Debug|Any CPU.ActiveCfg = Debug|Any CPU
		{7D40EA81-7E41-460F-AEA2-57E97EDA1320}.Debug|Any CPU.Build.0 = Debug|Any CPU
		{7D40EA81-7E41-460F-AEA2-57E97EDA1320}.Release|Any CPU.ActiveCfg = Release|Any CPU
		{7D40EA81-7E41-460F-AEA2-57E97EDA1320}.Release|Any CPU.Build.0 = Release|Any CPU
	EndGlobalSection
	GlobalSection(SolutionProperties) = preSolution
		HideSolutionNode = FALSE
	EndGlobalSection
	GlobalSection(ExtensibilityGlobals) = postSolution
		SolutionGuid = {DE7FF822-4C97-42D3-AF26-1F9BA1A25C16}
	EndGlobalSection
EndGlobal
