
Microsoft Visual Studio Solution File, Format Version 12.00
# Visual Studio Version 17
VisualStudioVersion = 17.5.33516.290
MinimumVisualStudioVersion = 10.0.40219.1
Project("{FAE04EC0-301F-11D3-BF4B-00C04F79EFBC}") = "NoOfPairs", "NoOfPairs\NoOfPairs.csproj", "{15797946-3EB4-4E91-ACAB-6E13A243C209}"
EndProject
Global
	GlobalSection(SolutionConfigurationPlatforms) = preSolution
		Debug|Any CPU = Debug|Any CPU
		Release|Any CPU = Release|Any CPU
	EndGlobalSection
	GlobalSection(ProjectConfigurationPlatforms) = postSolution
		{15797946-3EB4-4E91-ACAB-6E13A243C209}.Debug|Any CPU.ActiveCfg = Debug|Any CPU
		{15797946-3EB4-4E91-ACAB-6E13A243C209}.Debug|Any CPU.Build.0 = Debug|Any CPU
		{15797946-3EB4-4E91-ACAB-6E13A243C209}.Release|Any CPU.ActiveCfg = Release|Any CPU
		{15797946-3EB4-4E91-ACAB-6E13A243C209}.Release|Any CPU.Build.0 = Release|Any CPU
	EndGlobalSection
	GlobalSection(SolutionProperties) = preSolution
		HideSolutionNode = FALSE
	EndGlobalSection
	GlobalSection(ExtensibilityGlobals) = postSolution
		SolutionGuid = {E2544585-BAA9-400B-B328-553CB7B94BBA}
	EndGlobalSection
EndGlobal
