
Microsoft Visual Studio Solution File, Format Version 12.00
# Visual Studio Version 17
VisualStudioVersion = 17.5.33516.290
MinimumVisualStudioVersion = 10.0.40219.1
Project("{FAE04EC0-301F-11D3-BF4B-00C04F79EFBC}") = "AbstractPropertyDemo", "AbstractPropertyDemo\AbstractPropertyDemo.csproj", "{8D1C8CB1-B1C7-49E1-8EEC-86583F3D259D}"
EndProject
Global
	GlobalSection(SolutionConfigurationPlatforms) = preSolution
		Debug|Any CPU = Debug|Any CPU
		Release|Any CPU = Release|Any CPU
	EndGlobalSection
	GlobalSection(ProjectConfigurationPlatforms) = postSolution
		{8D1C8CB1-B1C7-49E1-8EEC-86583F3D259D}.Debug|Any CPU.ActiveCfg = Debug|Any CPU
		{8D1C8CB1-B1C7-49E1-8EEC-86583F3D259D}.Debug|Any CPU.Build.0 = Debug|Any CPU
		{8D1C8CB1-B1C7-49E1-8EEC-86583F3D259D}.Release|Any CPU.ActiveCfg = Release|Any CPU
		{8D1C8CB1-B1C7-49E1-8EEC-86583F3D259D}.Release|Any CPU.Build.0 = Release|Any CPU
	EndGlobalSection
	GlobalSection(SolutionProperties) = preSolution
		HideSolutionNode = FALSE
	EndGlobalSection
	GlobalSection(ExtensibilityGlobals) = postSolution
		SolutionGuid = {79A4A039-7187-41D9-8E53-33A442C20212}
	EndGlobalSection
EndGlobal
