
Microsoft Visual Studio Solution File, Format Version 12.00
# Visual Studio Version 17
VisualStudioVersion = 17.5.33516.290
MinimumVisualStudioVersion = 10.0.40219.1
Project("{FAE04EC0-301F-11D3-BF4B-00C04F79EFBC}") = "PQ3SortArray012", "PQ3SortArray012\PQ3SortArray012.csproj", "{4803F590-2825-4154-98C1-71075C24000E}"
EndProject
Global
	GlobalSection(SolutionConfigurationPlatforms) = preSolution
		Debug|Any CPU = Debug|Any CPU
		Release|Any CPU = Release|Any CPU
	EndGlobalSection
	GlobalSection(ProjectConfigurationPlatforms) = postSolution
		{4803F590-2825-4154-98C1-71075C24000E}.Debug|Any CPU.ActiveCfg = Debug|Any CPU
		{4803F590-2825-4154-98C1-71075C24000E}.Debug|Any CPU.Build.0 = Debug|Any CPU
		{4803F590-2825-4154-98C1-71075C24000E}.Release|Any CPU.ActiveCfg = Release|Any CPU
		{4803F590-2825-4154-98C1-71075C24000E}.Release|Any CPU.Build.0 = Release|Any CPU
	EndGlobalSection
	GlobalSection(SolutionProperties) = preSolution
		HideSolutionNode = FALSE
	EndGlobalSection
	GlobalSection(ExtensibilityGlobals) = postSolution
		SolutionGuid = {78D81DF2-9FEC-4502-A925-89ABF4919A95}
	EndGlobalSection
EndGlobal
