
Microsoft Visual Studio Solution File, Format Version 12.00
# Visual Studio Version 17
VisualStudioVersion = 17.5.33516.290
MinimumVisualStudioVersion = 10.0.40219.1
Project("{FAE04EC0-301F-11D3-BF4B-00C04F79EFBC}") = "BigInteger", "BigInteger\BigInteger.csproj", "{1DF50F29-9D01-4558-B9DB-5A162619DB64}"
EndProject
Global
	GlobalSection(SolutionConfigurationPlatforms) = preSolution
		Debug|Any CPU = Debug|Any CPU
		Release|Any CPU = Release|Any CPU
	EndGlobalSection
	GlobalSection(ProjectConfigurationPlatforms) = postSolution
		{1DF50F29-9D01-4558-B9DB-5A162619DB64}.Debug|Any CPU.ActiveCfg = Debug|Any CPU
		{1DF50F29-9D01-4558-B9DB-5A162619DB64}.Debug|Any CPU.Build.0 = Debug|Any CPU
		{1DF50F29-9D01-4558-B9DB-5A162619DB64}.Release|Any CPU.ActiveCfg = Release|Any CPU
		{1DF50F29-9D01-4558-B9DB-5A162619DB64}.Release|Any CPU.Build.0 = Release|Any CPU
	EndGlobalSection
	GlobalSection(SolutionProperties) = preSolution
		HideSolutionNode = FALSE
	EndGlobalSection
	GlobalSection(ExtensibilityGlobals) = postSolution
		SolutionGuid = {85438CD8-A0F3-4BE7-B5EE-FCD2D8F464C1}
	EndGlobalSection
EndGlobal
