
Microsoft Visual Studio Solution File, Format Version 12.00
# Visual Studio Version 17
VisualStudioVersion = 17.5.33516.290
MinimumVisualStudioVersion = 10.0.40219.1
Project("{FAE04EC0-301F-11D3-BF4B-00C04F79EFBC}") = "PQ50with5", "PQ50with5\PQ50with5.csproj", "{6E87B7D6-3FFA-4B35-9AD3-2393EDEDE609}"
EndProject
Global
	GlobalSection(SolutionConfigurationPlatforms) = preSolution
		Debug|Any CPU = Debug|Any CPU
		Release|Any CPU = Release|Any CPU
	EndGlobalSection
	GlobalSection(ProjectConfigurationPlatforms) = postSolution
		{6E87B7D6-3FFA-4B35-9AD3-2393EDEDE609}.Debug|Any CPU.ActiveCfg = Debug|Any CPU
		{6E87B7D6-3FFA-4B35-9AD3-2393EDEDE609}.Debug|Any CPU.Build.0 = Debug|Any CPU
		{6E87B7D6-3FFA-4B35-9AD3-2393EDEDE609}.Release|Any CPU.ActiveCfg = Release|Any CPU
		{6E87B7D6-3FFA-4B35-9AD3-2393EDEDE609}.Release|Any CPU.Build.0 = Release|Any CPU
	EndGlobalSection
	GlobalSection(SolutionProperties) = preSolution
		HideSolutionNode = FALSE
	EndGlobalSection
	GlobalSection(ExtensibilityGlobals) = postSolution
		SolutionGuid = {2C8271B1-293E-491D-8EB3-A72278B2CA45}
	EndGlobalSection
EndGlobal
