
Microsoft Visual Studio Solution File, Format Version 12.00
# Visual Studio Version 17
VisualStudioVersion = 17.5.33516.290
MinimumVisualStudioVersion = 10.0.40219.1
Project("{FAE04EC0-301F-11D3-BF4B-00C04F79EFBC}") = "JWTAuth.WebApi", "JWTAuth\JWTAuth.WebApi.csproj", "{66785217-18DF-4B26-9392-B72AC8DC27FE}"
EndProject
Global
	GlobalSection(SolutionConfigurationPlatforms) = preSolution
		Debug|Any CPU = Debug|Any CPU
		Release|Any CPU = Release|Any CPU
	EndGlobalSection
	GlobalSection(ProjectConfigurationPlatforms) = postSolution
		{66785217-18DF-4B26-9392-B72AC8DC27FE}.Debug|Any CPU.ActiveCfg = Debug|Any CPU
		{66785217-18DF-4B26-9392-B72AC8DC27FE}.Debug|Any CPU.Build.0 = Debug|Any CPU
		{66785217-18DF-4B26-9392-B72AC8DC27FE}.Release|Any CPU.ActiveCfg = Release|Any CPU
		{66785217-18DF-4B26-9392-B72AC8DC27FE}.Release|Any CPU.Build.0 = Release|Any CPU
	EndGlobalSection
	GlobalSection(SolutionProperties) = preSolution
		HideSolutionNode = FALSE
	EndGlobalSection
	GlobalSection(ExtensibilityGlobals) = postSolution
		SolutionGuid = {3BF6AD83-830E-4317-976D-D8EE398D7CC9}
	EndGlobalSection
EndGlobal
