
Microsoft Visual Studio Solution File, Format Version 12.00
# Visual Studio Version 17
VisualStudioVersion = 17.5.33516.290
MinimumVisualStudioVersion = 10.0.40219.1
Project("{FAE04EC0-301F-11D3-BF4B-00C04F79EFBC}") = "DirectoryInfoDemo", "DirectoryInfoDemo\DirectoryInfoDemo.csproj", "{6149FE54-9D2B-4D5D-AA08-5DA74FACBD26}"
EndProject
Global
	GlobalSection(SolutionConfigurationPlatforms) = preSolution
		Debug|Any CPU = Debug|Any CPU
		Release|Any CPU = Release|Any CPU
	EndGlobalSection
	GlobalSection(ProjectConfigurationPlatforms) = postSolution
		{6149FE54-9D2B-4D5D-AA08-5DA74FACBD26}.Debug|Any CPU.ActiveCfg = Debug|Any CPU
		{6149FE54-9D2B-4D5D-AA08-5DA74FACBD26}.Debug|Any CPU.Build.0 = Debug|Any CPU
		{6149FE54-9D2B-4D5D-AA08-5DA74FACBD26}.Release|Any CPU.ActiveCfg = Release|Any CPU
		{6149FE54-9D2B-4D5D-AA08-5DA74FACBD26}.Release|Any CPU.Build.0 = Release|Any CPU
	EndGlobalSection
	GlobalSection(SolutionProperties) = preSolution
		HideSolutionNode = FALSE
	EndGlobalSection
	GlobalSection(ExtensibilityGlobals) = postSolution
		SolutionGuid = {6F974897-940B-4ACA-984A-A59B5EE8AD5C}
	EndGlobalSection
EndGlobal
